
Microsoft Visual Studio Solution File, Format Version 12.00
# Visual Studio Version 17
VisualStudioVersion = 17.3.32929.385
MinimumVisualStudioVersion = 10.0.40219.1
Project("{9A19103F-16F7-4668-BE54-9A1E7A4F7556}") = "ClinicService.Api", "ClinicService.Api\ClinicService.Api.csproj", "{494D78A5-CADE-4F36-A619-EC315501B207}"
EndProject
Project("{9A19103F-16F7-4668-BE54-9A1E7A4F7556}") = "ClinicService.DAL", "ClinicService.DAL\ClinicService.DAL.csproj", "{1C471419-B82C-4CFF-B968-8DD326F35B6F}"
EndProject
Project("{9A19103F-16F7-4668-BE54-9A1E7A4F7556}") = "ClinicClient", "ClinicClient\ClinicClient.csproj", "{6BA926AB-0479-4024-95D2-763EED714FF1}"
EndProject
Project("{9A19103F-16F7-4668-BE54-9A1E7A4F7556}") = "ClinicService.Domain", "ClinicService.Domain\ClinicService.Domain.csproj", "{25D8DAAB-3BA2-448E-95F5-E8FCDBC28A70}"
EndProject
Project("{FAE04EC0-301F-11D3-BF4B-00C04F79EFBC}") = "ClinicService.BusinessLogic", "ClinicService.BusinessLogic\ClinicService.BusinessLogic.csproj", "{A7354A26-B935-4DB3-8795-7375DD40FE7D}"
EndProject
Global
	GlobalSection(SolutionConfigurationPlatforms) = preSolution
		Debug|Any CPU = Debug|Any CPU
		Release|Any CPU = Release|Any CPU
	EndGlobalSection
	GlobalSection(ProjectConfigurationPlatforms) = postSolution
		{494D78A5-CADE-4F36-A619-EC315501B207}.Debug|Any CPU.ActiveCfg = Debug|Any CPU
		{494D78A5-CADE-4F36-A619-EC315501B207}.Debug|Any CPU.Build.0 = Debug|Any CPU
		{494D78A5-CADE-4F36-A619-EC315501B207}.Release|Any CPU.ActiveCfg = Release|Any CPU
		{494D78A5-CADE-4F36-A619-EC315501B207}.Release|Any CPU.Build.0 = Release|Any CPU
		{1C471419-B82C-4CFF-B968-8DD326F35B6F}.Debug|Any CPU.ActiveCfg = Debug|Any CPU
		{1C471419-B82C-4CFF-B968-8DD326F35B6F}.Debug|Any CPU.Build.0 = Debug|Any CPU
		{1C471419-B82C-4CFF-B968-8DD326F35B6F}.Release|Any CPU.ActiveCfg = Release|Any CPU
		{1C471419-B82C-4CFF-B968-8DD326F35B6F}.Release|Any CPU.Build.0 = Release|Any CPU
		{6BA926AB-0479-4024-95D2-763EED714FF1}.Debug|Any CPU.ActiveCfg = Debug|Any CPU
		{6BA926AB-0479-4024-95D2-763EED714FF1}.Debug|Any CPU.Build.0 = Debug|Any CPU
		{6BA926AB-0479-4024-95D2-763EED714FF1}.Release|Any CPU.ActiveCfg = Release|Any CPU
		{6BA926AB-0479-4024-95D2-763EED714FF1}.Release|Any CPU.Build.0 = Release|Any CPU
		{25D8DAAB-3BA2-448E-95F5-E8FCDBC28A70}.Debug|Any CPU.ActiveCfg = Debug|Any CPU
		{25D8DAAB-3BA2-448E-95F5-E8FCDBC28A70}.Debug|Any CPU.Build.0 = Debug|Any CPU
		{25D8DAAB-3BA2-448E-95F5-E8FCDBC28A70}.Release|Any CPU.ActiveCfg = Release|Any CPU
		{25D8DAAB-3BA2-448E-95F5-E8FCDBC28A70}.Release|Any CPU.Build.0 = Release|Any CPU
		{A7354A26-B935-4DB3-8795-7375DD40FE7D}.Debug|Any CPU.ActiveCfg = Debug|Any CPU
		{A7354A26-B935-4DB3-8795-7375DD40FE7D}.Debug|Any CPU.Build.0 = Debug|Any CPU
		{A7354A26-B935-4DB3-8795-7375DD40FE7D}.Release|Any CPU.ActiveCfg = Release|Any CPU
		{A7354A26-B935-4DB3-8795-7375DD40FE7D}.Release|Any CPU.Build.0 = Release|Any CPU
	EndGlobalSection
	GlobalSection(SolutionProperties) = preSolution
		HideSolutionNode = FALSE
	EndGlobalSection
	GlobalSection(ExtensibilityGlobals) = postSolution
		SolutionGuid = {F70A5A93-27B5-4A6B-AB19-BADEB536A819}
	EndGlobalSection
EndGlobal
